
Microsoft Visual Studio Solution File, Format Version 12.00
# Visual Studio Version 17
VisualStudioVersion = 17.11.34909.67
MinimumVisualStudioVersion = 10.0.40219.1
Project("{9A19103F-16F7-4668-BE54-9A1E7A4F7556}") = "Bureau.UI.Web", "src\Bureau.UI.Web\Bureau.UI.Web.csproj", "{F63DAD93-FBA4-45EF-8F80-14A5C78098CA}"
EndProject
Project("{2150E333-8FDC-42A3-9474-1A3956D46DE8}") = "Core", "Core", "{D9FDAB39-C54F-48B7-8DCC-AF3E76FEC7AB}"
EndProject
Project("{FAE04EC0-301F-11D3-BF4B-00C04F79EFBC}") = "Bureau.Core", "src\Bureau.Core\Bureau.Core.csproj", "{29AB3A49-6758-4596-8A1E-6DE1681CA6D9}"
EndProject
Project("{2150E333-8FDC-42A3-9474-1A3956D46DE8}") = "Resource", "Resource", "{65E3CA85-EF32-4223-B48E-859A4EDC03A7}"
EndProject
Project("{2150E333-8FDC-42A3-9474-1A3956D46DE8}") = "Tests", "Tests", "{BE4D0CE7-AB02-4F75-8A1A-288347BB9F1C}"
EndProject
Project("{FAE04EC0-301F-11D3-BF4B-00C04F79EFBC}") = "Bureau.PoC.CLI", "tests\Bureau.PoC.CLI\Bureau.PoC.CLI.csproj", "{AD58FF15-BF2E-4498-BD3F-07E05265C505}"
EndProject
Project("{FAE04EC0-301F-11D3-BF4B-00C04F79EFBC}") = "Bureau.Google.Calendar.UI", "src\Bureau.Google.Calendar.UI\Bureau.Google.Calendar.UI.csproj", "{83D14EA8-F1CB-41E3-B923-E35657063251}"
EndProject
Project("{FAE04EC0-301F-11D3-BF4B-00C04F79EFBC}") = "Bureau.Google.Calendar", "src\Bureau.Google.Calendar\Bureau.Google.Calendar.csproj", "{50984EDE-CC6D-4DF7-BD9E-7F6708455732}"
EndProject
Project("{FAE04EC0-301F-11D3-BF4B-00C04F79EFBC}") = "Bureau.Identity.Abstractions", "src\Bureau.Identity.Abstractions\Bureau.Identity.Abstractions.csproj", "{1A71786B-9B47-4A7F-A2FB-799479136550}"
EndProject
Project("{FAE04EC0-301F-11D3-BF4B-00C04F79EFBC}") = "Bureau.Google", "src\Bureau.Google\Bureau.Google.csproj", "{FC2E5046-BF47-42EA-B12C-2584381E6403}"
EndProject
Project("{2150E333-8FDC-42A3-9474-1A3956D46DE8}") = "Application", "Application", "{6D3BE044-1845-4ECB-8B4D-75FCD0D6F1AE}"
EndProject
Project("{2150E333-8FDC-42A3-9474-1A3956D46DE8}") = "Presentation", "Presentation", "{FD0E61F3-4A3F-4981-B061-09717A8785BD}"
EndProject
Project("{FAE04EC0-301F-11D3-BF4B-00C04F79EFBC}") = "Bureau.Identity", "src\Bureau.Identity\Bureau.Identity.csproj", "{87E51091-CBC6-468E-80A2-CF8C982E44C1}"
EndProject
Project("{FAE04EC0-301F-11D3-BF4B-00C04F79EFBC}") = "Bureau.Identity.UI", "src\Bureau.Identity.UI\Bureau.Identity.UI.csproj", "{78A44EC1-8491-4EE0-A050-3300A1001372}"
EndProject
Project("{FAE04EC0-301F-11D3-BF4B-00C04F79EFBC}") = "Bureau.UI", "src\Bureau.UI\Bureau.UI.csproj", "{9CFE6364-8F0E-4DCD-B790-B46678262342}"
EndProject
Project("{FAE04EC0-301F-11D3-BF4B-00C04F79EFBC}") = "Bureau.UI.PWA", "src\Bureau.UI.PWA\Bureau.UI.PWA.csproj", "{CB1E7CE9-D44E-465A-A8F8-6E7765CDF391}"
EndProject
Project("{FAE04EC0-301F-11D3-BF4B-00C04F79EFBC}") = "Bureau.UI.Abstractions", "src\Bureau.UI.Abstractions\Bureau.UI.Abstractions.csproj", "{F5647CAB-6633-47CC-8932-95D16C3A4BEC}"
EndProject
Project("{FAE04EC0-301F-11D3-BF4B-00C04F79EFBC}") = "Bureau.Cache", "src\Bureau.Cache\Bureau.Cache.csproj", "{4683EEA0-E9A1-4FBF-8523-B0F66D7F6219}"
EndProject
Project("{FAE04EC0-301F-11D3-BF4B-00C04F79EFBC}") = "Bureau.Identity.Server.Abstractions", "src\Bureau.Identity.Server.Abstractions\Bureau.Identity.Server.Abstractions.csproj", "{87114A68-AC3E-4888-9276-C107E23852FA}"
EndProject
Project("{FAE04EC0-301F-11D3-BF4B-00C04F79EFBC}") = "Bureau.Identity.UI.Server", "src\Bureau.Identity.UI.Server\Bureau.Identity.UI.Server.csproj", "{5DAEC39A-F0C0-4AE6-A466-BE54A9DC604C}"
EndProject
Project("{FAE04EC0-301F-11D3-BF4B-00C04F79EFBC}") = "Bureau.Identity.UI.Client", "src\Bureau.Identity.UI.Client\Bureau.Identity.UI.Client.csproj", "{3B4AADD1-8EE2-41C3-81D6-48258C82938C}"
EndProject
Project("{FAE04EC0-301F-11D3-BF4B-00C04F79EFBC}") = "Bureau.UI.Server", "src\Bureau.UI.Server\Bureau.UI.Server.csproj", "{29A1DD42-2607-4253-85E6-AD29559FCE98}"
EndProject
Project("{FAE04EC0-301F-11D3-BF4B-00C04F79EFBC}") = "Bureau.UI.Client", "src\Bureau.UI.Client\Bureau.UI.Client.csproj", "{D243DA9B-AEF0-48DC-AFB0-8D0A7C17F3CE}"
EndProject
Project("{FAE04EC0-301F-11D3-BF4B-00C04F79EFBC}") = "Bureau.Identity.UI.Client.Mock", "tests\Bureau.Identity.UI.Client.Mock\Bureau.Identity.UI.Client.Mock.csproj", "{016BDE09-673D-448E-B412-8C77C761ECA5}"
EndProject
Project("{54A90642-561A-4BB1-A94E-469ADEE60C69}") = "bureau-ui-react-app", "src\bureau-ui-react-app\bureau-ui-react-app.esproj", "{43D2DC3A-02C3-BFE4-D8B1-9F0231163AF3}"
EndProject
Project("{FAE04EC0-301F-11D3-BF4B-00C04F79EFBC}") = "Bureau.UI.API", "src\Bureau.UI.API\Bureau.UI.API.csproj", "{C32BB783-9D6D-4B6D-8D42-6A7647BB3E80}"
EndProject
Project("{FAE04EC0-301F-11D3-BF4B-00C04F79EFBC}") = "Bureau", "src\Bureau\Bureau.csproj", "{FD600799-1472-4098-ABCA-9EED395788E8}"
EndProject
Project("{FAE04EC0-301F-11D3-BF4B-00C04F79EFBC}") = "Bureau.Data.Mock", "tests\Bureau.Data.Mock\Bureau.Data.Mock.csproj", "{8D6177DC-D8CA-4321-B929-FD94F0B66A1B}"
EndProject
Global
	GlobalSection(SolutionConfigurationPlatforms) = preSolution
		Debug|Any CPU = Debug|Any CPU
		Release|Any CPU = Release|Any CPU
	EndGlobalSection
	GlobalSection(ProjectConfigurationPlatforms) = postSolution
		{F63DAD93-FBA4-45EF-8F80-14A5C78098CA}.Debug|Any CPU.ActiveCfg = Debug|Any CPU
		{F63DAD93-FBA4-45EF-8F80-14A5C78098CA}.Debug|Any CPU.Build.0 = Debug|Any CPU
		{F63DAD93-FBA4-45EF-8F80-14A5C78098CA}.Release|Any CPU.ActiveCfg = Release|Any CPU
		{F63DAD93-FBA4-45EF-8F80-14A5C78098CA}.Release|Any CPU.Build.0 = Release|Any CPU
		{29AB3A49-6758-4596-8A1E-6DE1681CA6D9}.Debug|Any CPU.ActiveCfg = Debug|Any CPU
		{29AB3A49-6758-4596-8A1E-6DE1681CA6D9}.Debug|Any CPU.Build.0 = Debug|Any CPU
		{29AB3A49-6758-4596-8A1E-6DE1681CA6D9}.Release|Any CPU.ActiveCfg = Release|Any CPU
		{29AB3A49-6758-4596-8A1E-6DE1681CA6D9}.Release|Any CPU.Build.0 = Release|Any CPU
		{AD58FF15-BF2E-4498-BD3F-07E05265C505}.Debug|Any CPU.ActiveCfg = Debug|Any CPU
		{AD58FF15-BF2E-4498-BD3F-07E05265C505}.Debug|Any CPU.Build.0 = Debug|Any CPU
		{AD58FF15-BF2E-4498-BD3F-07E05265C505}.Release|Any CPU.ActiveCfg = Release|Any CPU
		{AD58FF15-BF2E-4498-BD3F-07E05265C505}.Release|Any CPU.Build.0 = Release|Any CPU
		{83D14EA8-F1CB-41E3-B923-E35657063251}.Debug|Any CPU.ActiveCfg = Debug|Any CPU
		{83D14EA8-F1CB-41E3-B923-E35657063251}.Debug|Any CPU.Build.0 = Debug|Any CPU
		{83D14EA8-F1CB-41E3-B923-E35657063251}.Release|Any CPU.ActiveCfg = Release|Any CPU
		{83D14EA8-F1CB-41E3-B923-E35657063251}.Release|Any CPU.Build.0 = Release|Any CPU
		{50984EDE-CC6D-4DF7-BD9E-7F6708455732}.Debug|Any CPU.ActiveCfg = Debug|Any CPU
		{50984EDE-CC6D-4DF7-BD9E-7F6708455732}.Debug|Any CPU.Build.0 = Debug|Any CPU
		{50984EDE-CC6D-4DF7-BD9E-7F6708455732}.Release|Any CPU.ActiveCfg = Release|Any CPU
		{50984EDE-CC6D-4DF7-BD9E-7F6708455732}.Release|Any CPU.Build.0 = Release|Any CPU
		{1A71786B-9B47-4A7F-A2FB-799479136550}.Debug|Any CPU.ActiveCfg = Debug|Any CPU
		{1A71786B-9B47-4A7F-A2FB-799479136550}.Debug|Any CPU.Build.0 = Debug|Any CPU
		{1A71786B-9B47-4A7F-A2FB-799479136550}.Release|Any CPU.ActiveCfg = Release|Any CPU
		{1A71786B-9B47-4A7F-A2FB-799479136550}.Release|Any CPU.Build.0 = Release|Any CPU
		{FC2E5046-BF47-42EA-B12C-2584381E6403}.Debug|Any CPU.ActiveCfg = Debug|Any CPU
		{FC2E5046-BF47-42EA-B12C-2584381E6403}.Debug|Any CPU.Build.0 = Debug|Any CPU
		{FC2E5046-BF47-42EA-B12C-2584381E6403}.Release|Any CPU.ActiveCfg = Release|Any CPU
		{FC2E5046-BF47-42EA-B12C-2584381E6403}.Release|Any CPU.Build.0 = Release|Any CPU
		{87E51091-CBC6-468E-80A2-CF8C982E44C1}.Debug|Any CPU.ActiveCfg = Debug|Any CPU
		{87E51091-CBC6-468E-80A2-CF8C982E44C1}.Debug|Any CPU.Build.0 = Debug|Any CPU
		{87E51091-CBC6-468E-80A2-CF8C982E44C1}.Release|Any CPU.ActiveCfg = Release|Any CPU
		{87E51091-CBC6-468E-80A2-CF8C982E44C1}.Release|Any CPU.Build.0 = Release|Any CPU
		{78A44EC1-8491-4EE0-A050-3300A1001372}.Debug|Any CPU.ActiveCfg = Debug|Any CPU
		{78A44EC1-8491-4EE0-A050-3300A1001372}.Debug|Any CPU.Build.0 = Debug|Any CPU
		{78A44EC1-8491-4EE0-A050-3300A1001372}.Release|Any CPU.ActiveCfg = Release|Any CPU
		{78A44EC1-8491-4EE0-A050-3300A1001372}.Release|Any CPU.Build.0 = Release|Any CPU
		{9CFE6364-8F0E-4DCD-B790-B46678262342}.Debug|Any CPU.ActiveCfg = Debug|Any CPU
		{9CFE6364-8F0E-4DCD-B790-B46678262342}.Debug|Any CPU.Build.0 = Debug|Any CPU
		{9CFE6364-8F0E-4DCD-B790-B46678262342}.Release|Any CPU.ActiveCfg = Release|Any CPU
		{9CFE6364-8F0E-4DCD-B790-B46678262342}.Release|Any CPU.Build.0 = Release|Any CPU
		{CB1E7CE9-D44E-465A-A8F8-6E7765CDF391}.Debug|Any CPU.ActiveCfg = Debug|Any CPU
		{CB1E7CE9-D44E-465A-A8F8-6E7765CDF391}.Debug|Any CPU.Build.0 = Debug|Any CPU
		{CB1E7CE9-D44E-465A-A8F8-6E7765CDF391}.Release|Any CPU.ActiveCfg = Release|Any CPU
		{CB1E7CE9-D44E-465A-A8F8-6E7765CDF391}.Release|Any CPU.Build.0 = Release|Any CPU
		{F5647CAB-6633-47CC-8932-95D16C3A4BEC}.Debug|Any CPU.ActiveCfg = Debug|Any CPU
		{F5647CAB-6633-47CC-8932-95D16C3A4BEC}.Debug|Any CPU.Build.0 = Debug|Any CPU
		{F5647CAB-6633-47CC-8932-95D16C3A4BEC}.Release|Any CPU.ActiveCfg = Release|Any CPU
		{F5647CAB-6633-47CC-8932-95D16C3A4BEC}.Release|Any CPU.Build.0 = Release|Any CPU
		{4683EEA0-E9A1-4FBF-8523-B0F66D7F6219}.Debug|Any CPU.ActiveCfg = Debug|Any CPU
		{4683EEA0-E9A1-4FBF-8523-B0F66D7F6219}.Debug|Any CPU.Build.0 = Debug|Any CPU
		{4683EEA0-E9A1-4FBF-8523-B0F66D7F6219}.Release|Any CPU.ActiveCfg = Release|Any CPU
		{4683EEA0-E9A1-4FBF-8523-B0F66D7F6219}.Release|Any CPU.Build.0 = Release|Any CPU
		{87114A68-AC3E-4888-9276-C107E23852FA}.Debug|Any CPU.ActiveCfg = Debug|Any CPU
		{87114A68-AC3E-4888-9276-C107E23852FA}.Debug|Any CPU.Build.0 = Debug|Any CPU
		{87114A68-AC3E-4888-9276-C107E23852FA}.Release|Any CPU.ActiveCfg = Release|Any CPU
		{87114A68-AC3E-4888-9276-C107E23852FA}.Release|Any CPU.Build.0 = Release|Any CPU
		{5DAEC39A-F0C0-4AE6-A466-BE54A9DC604C}.Debug|Any CPU.ActiveCfg = Debug|Any CPU
		{5DAEC39A-F0C0-4AE6-A466-BE54A9DC604C}.Debug|Any CPU.Build.0 = Debug|Any CPU
		{5DAEC39A-F0C0-4AE6-A466-BE54A9DC604C}.Release|Any CPU.ActiveCfg = Release|Any CPU
		{5DAEC39A-F0C0-4AE6-A466-BE54A9DC604C}.Release|Any CPU.Build.0 = Release|Any CPU
		{3B4AADD1-8EE2-41C3-81D6-48258C82938C}.Debug|Any CPU.ActiveCfg = Debug|Any CPU
		{3B4AADD1-8EE2-41C3-81D6-48258C82938C}.Debug|Any CPU.Build.0 = Debug|Any CPU
		{3B4AADD1-8EE2-41C3-81D6-48258C82938C}.Release|Any CPU.ActiveCfg = Release|Any CPU
		{3B4AADD1-8EE2-41C3-81D6-48258C82938C}.Release|Any CPU.Build.0 = Release|Any CPU
		{29A1DD42-2607-4253-85E6-AD29559FCE98}.Debug|Any CPU.ActiveCfg = Debug|Any CPU
		{29A1DD42-2607-4253-85E6-AD29559FCE98}.Debug|Any CPU.Build.0 = Debug|Any CPU
		{29A1DD42-2607-4253-85E6-AD29559FCE98}.Release|Any CPU.ActiveCfg = Release|Any CPU
		{29A1DD42-2607-4253-85E6-AD29559FCE98}.Release|Any CPU.Build.0 = Release|Any CPU
		{D243DA9B-AEF0-48DC-AFB0-8D0A7C17F3CE}.Debug|Any CPU.ActiveCfg = Debug|Any CPU
		{D243DA9B-AEF0-48DC-AFB0-8D0A7C17F3CE}.Debug|Any CPU.Build.0 = Debug|Any CPU
		{D243DA9B-AEF0-48DC-AFB0-8D0A7C17F3CE}.Release|Any CPU.ActiveCfg = Release|Any CPU
		{D243DA9B-AEF0-48DC-AFB0-8D0A7C17F3CE}.Release|Any CPU.Build.0 = Release|Any CPU
		{016BDE09-673D-448E-B412-8C77C761ECA5}.Debug|Any CPU.ActiveCfg = Debug|Any CPU
		{016BDE09-673D-448E-B412-8C77C761ECA5}.Debug|Any CPU.Build.0 = Debug|Any CPU
		{016BDE09-673D-448E-B412-8C77C761ECA5}.Release|Any CPU.ActiveCfg = Release|Any CPU
		{016BDE09-673D-448E-B412-8C77C761ECA5}.Release|Any CPU.Build.0 = Release|Any CPU
		{43D2DC3A-02C3-BFE4-D8B1-9F0231163AF3}.Debug|Any CPU.ActiveCfg = Debug|Any CPU
		{43D2DC3A-02C3-BFE4-D8B1-9F0231163AF3}.Debug|Any CPU.Build.0 = Debug|Any CPU
		{43D2DC3A-02C3-BFE4-D8B1-9F0231163AF3}.Debug|Any CPU.Deploy.0 = Debug|Any CPU
		{43D2DC3A-02C3-BFE4-D8B1-9F0231163AF3}.Release|Any CPU.ActiveCfg = Release|Any CPU
		{43D2DC3A-02C3-BFE4-D8B1-9F0231163AF3}.Release|Any CPU.Build.0 = Release|Any CPU
		{43D2DC3A-02C3-BFE4-D8B1-9F0231163AF3}.Release|Any CPU.Deploy.0 = Release|Any CPU
		{C32BB783-9D6D-4B6D-8D42-6A7647BB3E80}.Debug|Any CPU.ActiveCfg = Debug|Any CPU
		{C32BB783-9D6D-4B6D-8D42-6A7647BB3E80}.Debug|Any CPU.Build.0 = Debug|Any CPU
		{C32BB783-9D6D-4B6D-8D42-6A7647BB3E80}.Release|Any CPU.ActiveCfg = Release|Any CPU
		{C32BB783-9D6D-4B6D-8D42-6A7647BB3E80}.Release|Any CPU.Build.0 = Release|Any CPU
		{FD600799-1472-4098-ABCA-9EED395788E8}.Debug|Any CPU.ActiveCfg = Debug|Any CPU
		{FD600799-1472-4098-ABCA-9EED395788E8}.Debug|Any CPU.Build.0 = Debug|Any CPU
		{FD600799-1472-4098-ABCA-9EED395788E8}.Release|Any CPU.ActiveCfg = Release|Any CPU
		{FD600799-1472-4098-ABCA-9EED395788E8}.Release|Any CPU.Build.0 = Release|Any CPU
		{8D6177DC-D8CA-4321-B929-FD94F0B66A1B}.Debug|Any CPU.ActiveCfg = Debug|Any CPU
		{8D6177DC-D8CA-4321-B929-FD94F0B66A1B}.Debug|Any CPU.Build.0 = Debug|Any CPU
		{8D6177DC-D8CA-4321-B929-FD94F0B66A1B}.Release|Any CPU.ActiveCfg = Release|Any CPU
		{8D6177DC-D8CA-4321-B929-FD94F0B66A1B}.Release|Any CPU.Build.0 = Release|Any CPU
	EndGlobalSection
	GlobalSection(SolutionProperties) = preSolution
		HideSolutionNode = FALSE
	EndGlobalSection
	GlobalSection(NestedProjects) = preSolution
		{F63DAD93-FBA4-45EF-8F80-14A5C78098CA} = {FD0E61F3-4A3F-4981-B061-09717A8785BD}
		{29AB3A49-6758-4596-8A1E-6DE1681CA6D9} = {D9FDAB39-C54F-48B7-8DCC-AF3E76FEC7AB}
		{AD58FF15-BF2E-4498-BD3F-07E05265C505} = {BE4D0CE7-AB02-4F75-8A1A-288347BB9F1C}
		{83D14EA8-F1CB-41E3-B923-E35657063251} = {FD0E61F3-4A3F-4981-B061-09717A8785BD}
		{50984EDE-CC6D-4DF7-BD9E-7F6708455732} = {65E3CA85-EF32-4223-B48E-859A4EDC03A7}
		{1A71786B-9B47-4A7F-A2FB-799479136550} = {D9FDAB39-C54F-48B7-8DCC-AF3E76FEC7AB}
		{FC2E5046-BF47-42EA-B12C-2584381E6403} = {65E3CA85-EF32-4223-B48E-859A4EDC03A7}
		{87E51091-CBC6-468E-80A2-CF8C982E44C1} = {6D3BE044-1845-4ECB-8B4D-75FCD0D6F1AE}
		{78A44EC1-8491-4EE0-A050-3300A1001372} = {FD0E61F3-4A3F-4981-B061-09717A8785BD}
		{9CFE6364-8F0E-4DCD-B790-B46678262342} = {FD0E61F3-4A3F-4981-B061-09717A8785BD}
		{CB1E7CE9-D44E-465A-A8F8-6E7765CDF391} = {FD0E61F3-4A3F-4981-B061-09717A8785BD}
		{F5647CAB-6633-47CC-8932-95D16C3A4BEC} = {FD0E61F3-4A3F-4981-B061-09717A8785BD}
		{4683EEA0-E9A1-4FBF-8523-B0F66D7F6219} = {6D3BE044-1845-4ECB-8B4D-75FCD0D6F1AE}
		{87114A68-AC3E-4888-9276-C107E23852FA} = {D9FDAB39-C54F-48B7-8DCC-AF3E76FEC7AB}
		{5DAEC39A-F0C0-4AE6-A466-BE54A9DC604C} = {FD0E61F3-4A3F-4981-B061-09717A8785BD}
		{3B4AADD1-8EE2-41C3-81D6-48258C82938C} = {FD0E61F3-4A3F-4981-B061-09717A8785BD}
		{29A1DD42-2607-4253-85E6-AD29559FCE98} = {FD0E61F3-4A3F-4981-B061-09717A8785BD}
		{D243DA9B-AEF0-48DC-AFB0-8D0A7C17F3CE} = {FD0E61F3-4A3F-4981-B061-09717A8785BD}
		{016BDE09-673D-448E-B412-8C77C761ECA5} = {BE4D0CE7-AB02-4F75-8A1A-288347BB9F1C}
		{43D2DC3A-02C3-BFE4-D8B1-9F0231163AF3} = {FD0E61F3-4A3F-4981-B061-09717A8785BD}
		{C32BB783-9D6D-4B6D-8D42-6A7647BB3E80} = {FD0E61F3-4A3F-4981-B061-09717A8785BD}
		{FD600799-1472-4098-ABCA-9EED395788E8} = {6D3BE044-1845-4ECB-8B4D-75FCD0D6F1AE}
		{8D6177DC-D8CA-4321-B929-FD94F0B66A1B} = {BE4D0CE7-AB02-4F75-8A1A-288347BB9F1C}
	EndGlobalSection
	GlobalSection(ExtensibilityGlobals) = postSolution
		SolutionGuid = {6647AABA-B91A-4688-A5DB-FD9E9261D495}
	EndGlobalSection
EndGlobal
