
Microsoft Visual Studio Solution File, Format Version 12.00
# Visual Studio Version 17
VisualStudioVersion = 17.11.34909.67
MinimumVisualStudioVersion = 10.0.40219.1
Project("{9A19103F-16F7-4668-BE54-9A1E7A4F7556}") = "Bureau.UI.Web", "src\Bureau.UI.Web\Bureau.UI.Web.csproj", "{F63DAD93-FBA4-45EF-8F80-14A5C78098CA}"
EndProject
Global
	GlobalSection(SolutionConfigurationPlatforms) = preSolution
		Debug|Any CPU = Debug|Any CPU
		Release|Any CPU = Release|Any CPU
	EndGlobalSection
	GlobalSection(ProjectConfigurationPlatforms) = postSolution
		{F63DAD93-FBA4-45EF-8F80-14A5C78098CA}.Debug|Any CPU.ActiveCfg = Debug|Any CPU
		{F63DAD93-FBA4-45EF-8F80-14A5C78098CA}.Debug|Any CPU.Build.0 = Debug|Any CPU
		{F63DAD93-FBA4-45EF-8F80-14A5C78098CA}.Release|Any CPU.ActiveCfg = Release|Any CPU
		{F63DAD93-FBA4-45EF-8F80-14A5C78098CA}.Release|Any CPU.Build.0 = Release|Any CPU
	EndGlobalSection
	GlobalSection(SolutionProperties) = preSolution
		HideSolutionNode = FALSE
	EndGlobalSection
	GlobalSection(ExtensibilityGlobals) = postSolution
		SolutionGuid = {6647AABA-B91A-4688-A5DB-FD9E9261D495}
	EndGlobalSection
EndGlobal
