Microsoft Visual Studio Solution File, Format Version 12.00
# Visual Studio Version 18
VisualStudioVersion = 18.0.11018.127
MinimumVisualStudioVersion = 10.0.40219.1
Project("{FAE04EC0-301F-11D3-BF4B-00C04F79EFBC}") = "Sven", "src\Sven\Sven.csproj", "{FAAFB695-FE4E-42F5-9511-841591A23F36}"
EndProject
Project("{FAE04EC0-301F-11D3-BF4B-00C04F79EFBC}") = "Sven.Tests", "tests\Sven.Tests\Sven.Tests.csproj", "{EA98ECF6-9AF0-47C6-BB7A-A544D404EBF7}"
EndProject
Project("{FAE04EC0-301F-11D3-BF4B-00C04F79EFBC}") = "Bureau.Core", "src\Bureau.Core\Bureau.Core.csproj", "{62E38E65-1837-4935-B00C-C3AFF5C7B419}"
EndProject
Project("{2150E333-8FDC-42A3-9474-1A3956D46DE8}") = "Solution Items", "Solution Items", "{02EA681E-C7D8-13C7-8484-4AC65E1B71E8}"
	ProjectSection(SolutionItems) = preProject
		.editorconfig = .editorconfig
	EndProjectSection
EndProject
Project("{FAE04EC0-301F-11D3-BF4B-00C04F79EFBC}") = "Sven.Data", "src\Sven.Data\Sven.Data.csproj", "{B0A64860-995D-48A2-A790-B990FB6661AF}"
EndProject
Project("{FAE04EC0-301F-11D3-BF4B-00C04F79EFBC}") = "Sven.Data.SqlServer", "src\Sven.Data.SqlServer\Sven.Data.SqlServer.csproj", "{5E5AB527-A5DB-4253-AB27-BAF0F64C3D6D}"
EndProject
Project("{FAE04EC0-301F-11D3-BF4B-00C04F79EFBC}") = "Sven.Data.Postgres", "src\Sven.Data.Postgres\Sven.Data.Postgres.csproj", "{32E912FC-524F-4FAE-B1D3-1B25AEA34269}"
EndProject
Project("{FAE04EC0-301F-11D3-BF4B-00C04F79EFBC}") = "Sven.Abstractions", "src\Sven.Abstractions\Sven.Abstractions.csproj", "{3041BA79-D4F7-4F51-A0CB-D52A7DE2A1EE}"
EndProject
Project("{2150E333-8FDC-42A3-9474-1A3956D46DE8}") = "Infrastructure", "Infrastructure", "{8B8A5B3E-3810-44BC-B615-A02D0EAC79E3}"
EndProject
Project("{2150E333-8FDC-42A3-9474-1A3956D46DE8}") = "Tests", "Tests", "{87F065F7-50F7-42D5-A0F5-843D08848510}"
EndProject
Project("{2150E333-8FDC-42A3-9474-1A3956D46DE8}") = "Core", "Core", "{51F29E23-731D-4B0E-9E00-B361374A3B77}"
EndProject
Project("{FAE04EC0-301F-11D3-BF4B-00C04F79EFBC}") = "Niles.Etl", "src\Niles.Etl\Niles.Etl.csproj", "{F6BAE398-DC8E-4081-ACA6-533341A034D7}"
EndProject
Project("{FAE04EC0-301F-11D3-BF4B-00C04F79EFBC}") = "Niles", "src\Niles\Niles.csproj", "{81A5EA21-347D-43AF-8851-5A5EF6D84F09}"
EndProject
Project("{FAE04EC0-301F-11D3-BF4B-00C04F79EFBC}") = "Niles.Abstractions", "src\Niles.Abstractions\Niles.Abstractions.csproj", "{B09C3968-8BE2-45BC-87EA-5A719FDF6CF0}"
EndProject
Project("{FAE04EC0-301F-11D3-BF4B-00C04F79EFBC}") = "Niles.Data", "src\Niles.Data\Niles.Data.csproj", "{A2369876-2A1B-4790-9088-8605F834C252}"
EndProject
Project("{FAE04EC0-301F-11D3-BF4B-00C04F79EFBC}") = "Niles.Chores.Api", "src\Niles.Chores.Api\Niles.Chores.Api.csproj", "{83AC26A3-4264-4EDA-9F22-92437C97E0A3}"
EndProject
Project("{FAE04EC0-301F-11D3-BF4B-00C04F79EFBC}") = "Niles.Chores.Abstractions", "src\Niles.Chores.Abstractions\Niles.Chores.Abstractions.csproj", "{9E7F778C-A7C3-4D1A-92F8-6059D47CC236}"
EndProject
Project("{FAE04EC0-301F-11D3-BF4B-00C04F79EFBC}") = "Niles.Chores", "src\Niles.Chores\Niles.Chores.csproj", "{62206BE0-2462-4FC2-AFAA-E96D6A6DBEFD}"
EndProject
Project("{2150E333-8FDC-42A3-9474-1A3956D46DE8}") = "UI", "UI", "{1BA6EC94-6C49-405E-BF7A-41EFC69D0410}"
EndProject
Project("{FAE04EC0-301F-11D3-BF4B-00C04F79EFBC}") = "Niles.Chores.Web", "src\Niles.Chores.Web\Niles.Chores.Web.csproj", "{10753262-3913-4AC0-B227-EBD379BD4BFE}"
EndProject
Project("{FAE04EC0-301F-11D3-BF4B-00C04F79EFBC}") = "Bureau.Core.Abstractions", "src\Bureau.Core.Abstractions\Bureau.Core.Abstractions.csproj", "{4D0BB0A0-885D-48E5-9FEA-5B6E488AECB8}"
EndProject
Global
	GlobalSection(SolutionConfigurationPlatforms) = preSolution
		Debug|Any CPU = Debug|Any CPU
		Release|Any CPU = Release|Any CPU
	EndGlobalSection
	GlobalSection(ProjectConfigurationPlatforms) = postSolution
		{FAAFB695-FE4E-42F5-9511-841591A23F36}.Debug|Any CPU.ActiveCfg = Debug|Any CPU
		{FAAFB695-FE4E-42F5-9511-841591A23F36}.Release|Any CPU.ActiveCfg = Release|Any CPU
		{FAAFB695-FE4E-42F5-9511-841591A23F36}.Release|Any CPU.Build.0 = Release|Any CPU
		{EA98ECF6-9AF0-47C6-BB7A-A544D404EBF7}.Debug|Any CPU.ActiveCfg = Debug|Any CPU
		{EA98ECF6-9AF0-47C6-BB7A-A544D404EBF7}.Release|Any CPU.ActiveCfg = Release|Any CPU
		{EA98ECF6-9AF0-47C6-BB7A-A544D404EBF7}.Release|Any CPU.Build.0 = Release|Any CPU
		{62E38E65-1837-4935-B00C-C3AFF5C7B419}.Debug|Any CPU.ActiveCfg = Debug|Any CPU
		{62E38E65-1837-4935-B00C-C3AFF5C7B419}.Release|Any CPU.ActiveCfg = Release|Any CPU
		{62E38E65-1837-4935-B00C-C3AFF5C7B419}.Release|Any CPU.Build.0 = Release|Any CPU
		{B0A64860-995D-48A2-A790-B990FB6661AF}.Debug|Any CPU.ActiveCfg = Debug|Any CPU
		{B0A64860-995D-48A2-A790-B990FB6661AF}.Release|Any CPU.ActiveCfg = Release|Any CPU
		{B0A64860-995D-48A2-A790-B990FB6661AF}.Release|Any CPU.Build.0 = Release|Any CPU
		{5E5AB527-A5DB-4253-AB27-BAF0F64C3D6D}.Debug|Any CPU.ActiveCfg = Debug|Any CPU
		{5E5AB527-A5DB-4253-AB27-BAF0F64C3D6D}.Release|Any CPU.ActiveCfg = Release|Any CPU
		{5E5AB527-A5DB-4253-AB27-BAF0F64C3D6D}.Release|Any CPU.Build.0 = Release|Any CPU
		{32E912FC-524F-4FAE-B1D3-1B25AEA34269}.Debug|Any CPU.ActiveCfg = Debug|Any CPU
		{32E912FC-524F-4FAE-B1D3-1B25AEA34269}.Release|Any CPU.ActiveCfg = Release|Any CPU
		{32E912FC-524F-4FAE-B1D3-1B25AEA34269}.Release|Any CPU.Build.0 = Release|Any CPU
		{3041BA79-D4F7-4F51-A0CB-D52A7DE2A1EE}.Debug|Any CPU.ActiveCfg = Debug|Any CPU
		{3041BA79-D4F7-4F51-A0CB-D52A7DE2A1EE}.Release|Any CPU.ActiveCfg = Release|Any CPU
		{3041BA79-D4F7-4F51-A0CB-D52A7DE2A1EE}.Release|Any CPU.Build.0 = Release|Any CPU
		{F6BAE398-DC8E-4081-ACA6-533341A034D7}.Debug|Any CPU.ActiveCfg = Debug|Any CPU
		{F6BAE398-DC8E-4081-ACA6-533341A034D7}.Debug|Any CPU.Build.0 = Debug|Any CPU
		{F6BAE398-DC8E-4081-ACA6-533341A034D7}.Release|Any CPU.ActiveCfg = Release|Any CPU
		{F6BAE398-DC8E-4081-ACA6-533341A034D7}.Release|Any CPU.Build.0 = Release|Any CPU
		{81A5EA21-347D-43AF-8851-5A5EF6D84F09}.Debug|Any CPU.ActiveCfg = Debug|Any CPU
		{81A5EA21-347D-43AF-8851-5A5EF6D84F09}.Debug|Any CPU.Build.0 = Debug|Any CPU
		{81A5EA21-347D-43AF-8851-5A5EF6D84F09}.Release|Any CPU.ActiveCfg = Release|Any CPU
		{81A5EA21-347D-43AF-8851-5A5EF6D84F09}.Release|Any CPU.Build.0 = Release|Any CPU
		{B09C3968-8BE2-45BC-87EA-5A719FDF6CF0}.Debug|Any CPU.ActiveCfg = Debug|Any CPU
		{B09C3968-8BE2-45BC-87EA-5A719FDF6CF0}.Debug|Any CPU.Build.0 = Debug|Any CPU
		{B09C3968-8BE2-45BC-87EA-5A719FDF6CF0}.Release|Any CPU.ActiveCfg = Release|Any CPU
		{B09C3968-8BE2-45BC-87EA-5A719FDF6CF0}.Release|Any CPU.Build.0 = Release|Any CPU
		{A2369876-2A1B-4790-9088-8605F834C252}.Debug|Any CPU.ActiveCfg = Debug|Any CPU
		{A2369876-2A1B-4790-9088-8605F834C252}.Debug|Any CPU.Build.0 = Debug|Any CPU
		{A2369876-2A1B-4790-9088-8605F834C252}.Release|Any CPU.ActiveCfg = Release|Any CPU
		{A2369876-2A1B-4790-9088-8605F834C252}.Release|Any CPU.Build.0 = Release|Any CPU
		{83AC26A3-4264-4EDA-9F22-92437C97E0A3}.Debug|Any CPU.ActiveCfg = Debug|Any CPU
		{83AC26A3-4264-4EDA-9F22-92437C97E0A3}.Debug|Any CPU.Build.0 = Debug|Any CPU
		{83AC26A3-4264-4EDA-9F22-92437C97E0A3}.Release|Any CPU.ActiveCfg = Release|Any CPU
		{83AC26A3-4264-4EDA-9F22-92437C97E0A3}.Release|Any CPU.Build.0 = Release|Any CPU
		{9E7F778C-A7C3-4D1A-92F8-6059D47CC236}.Debug|Any CPU.ActiveCfg = Debug|Any CPU
		{9E7F778C-A7C3-4D1A-92F8-6059D47CC236}.Debug|Any CPU.Build.0 = Debug|Any CPU
		{9E7F778C-A7C3-4D1A-92F8-6059D47CC236}.Release|Any CPU.ActiveCfg = Release|Any CPU
		{9E7F778C-A7C3-4D1A-92F8-6059D47CC236}.Release|Any CPU.Build.0 = Release|Any CPU
		{62206BE0-2462-4FC2-AFAA-E96D6A6DBEFD}.Debug|Any CPU.ActiveCfg = Debug|Any CPU
		{62206BE0-2462-4FC2-AFAA-E96D6A6DBEFD}.Debug|Any CPU.Build.0 = Debug|Any CPU
		{62206BE0-2462-4FC2-AFAA-E96D6A6DBEFD}.Release|Any CPU.ActiveCfg = Release|Any CPU
		{62206BE0-2462-4FC2-AFAA-E96D6A6DBEFD}.Release|Any CPU.Build.0 = Release|Any CPU
		{10753262-3913-4AC0-B227-EBD379BD4BFE}.Debug|Any CPU.ActiveCfg = Debug|Any CPU
		{10753262-3913-4AC0-B227-EBD379BD4BFE}.Debug|Any CPU.Build.0 = Debug|Any CPU
		{10753262-3913-4AC0-B227-EBD379BD4BFE}.Release|Any CPU.ActiveCfg = Release|Any CPU
		{10753262-3913-4AC0-B227-EBD379BD4BFE}.Release|Any CPU.Build.0 = Release|Any CPU
		{4D0BB0A0-885D-48E5-9FEA-5B6E488AECB8}.Debug|Any CPU.ActiveCfg = Debug|Any CPU
		{4D0BB0A0-885D-48E5-9FEA-5B6E488AECB8}.Debug|Any CPU.Build.0 = Debug|Any CPU
		{4D0BB0A0-885D-48E5-9FEA-5B6E488AECB8}.Release|Any CPU.ActiveCfg = Release|Any CPU
		{4D0BB0A0-885D-48E5-9FEA-5B6E488AECB8}.Release|Any CPU.Build.0 = Release|Any CPU
	EndGlobalSection
	GlobalSection(SolutionProperties) = preSolution
		HideSolutionNode = FALSE
	EndGlobalSection
	GlobalSection(NestedProjects) = preSolution
		{EA98ECF6-9AF0-47C6-BB7A-A544D404EBF7} = {87F065F7-50F7-42D5-A0F5-843D08848510}
		{62E38E65-1837-4935-B00C-C3AFF5C7B419} = {51F29E23-731D-4B0E-9E00-B361374A3B77}
		{B0A64860-995D-48A2-A790-B990FB6661AF} = {8B8A5B3E-3810-44BC-B615-A02D0EAC79E3}
		{5E5AB527-A5DB-4253-AB27-BAF0F64C3D6D} = {8B8A5B3E-3810-44BC-B615-A02D0EAC79E3}
		{32E912FC-524F-4FAE-B1D3-1B25AEA34269} = {8B8A5B3E-3810-44BC-B615-A02D0EAC79E3}
		{3041BA79-D4F7-4F51-A0CB-D52A7DE2A1EE} = {51F29E23-731D-4B0E-9E00-B361374A3B77}
		{F6BAE398-DC8E-4081-ACA6-533341A034D7} = {8B8A5B3E-3810-44BC-B615-A02D0EAC79E3}
		{B09C3968-8BE2-45BC-87EA-5A719FDF6CF0} = {51F29E23-731D-4B0E-9E00-B361374A3B77}
		{A2369876-2A1B-4790-9088-8605F834C252} = {8B8A5B3E-3810-44BC-B615-A02D0EAC79E3}
		{83AC26A3-4264-4EDA-9F22-92437C97E0A3} = {1BA6EC94-6C49-405E-BF7A-41EFC69D0410}
		{9E7F778C-A7C3-4D1A-92F8-6059D47CC236} = {51F29E23-731D-4B0E-9E00-B361374A3B77}
		{62206BE0-2462-4FC2-AFAA-E96D6A6DBEFD} = {51F29E23-731D-4B0E-9E00-B361374A3B77}
		{10753262-3913-4AC0-B227-EBD379BD4BFE} = {1BA6EC94-6C49-405E-BF7A-41EFC69D0410}
		{4D0BB0A0-885D-48E5-9FEA-5B6E488AECB8} = {51F29E23-731D-4B0E-9E00-B361374A3B77}
	EndGlobalSection
	GlobalSection(ExtensibilityGlobals) = postSolution
		SolutionGuid = {5F73B33B-CA16-45C1-BEAA-15EDB8C463FE}
	EndGlobalSection
EndGlobal
