<Solution>
  <Folder Name="/Core/">
    <Project Path="src/Bureau.Extensions.Logging/Bureau.Extensions.Logging.csproj" Id="b4460ee3-f6ed-4e4f-9bbf-be18942cb002" />
    <Project Path="src/Bureau.Extensions.Time/Bureau.Extensions.Time.csproj" Id="48e39c90-2d89-499d-897f-fa55220793c5" />
    <Project Path="src/Bureau.Primitives/Bureau.Primitives.csproj" Id="9797915e-e401-4e8b-9151-4fbe6f8383a7" />
    <Project Path="src/Bureau.Server.Contracts/Bureau.Server.Contracts.csproj" Id="e307a7c2-1a19-4f9e-9a2c-66242b9086a5" />
    <Project Path="src/Niles.Chores.Abstractions/Niles.Chores.Abstractions.csproj" />
    <Project Path="src/Niles.Chores/Niles.Chores.csproj" />
  </Folder>
  <Folder Name="/Infrastructure/">
    <Project Path="src/Bureau.EntityFrameworkCore.SqlServer/Bureau.EntityFrameworkCore.SqlServer.csproj" Id="2e798e31-56ab-4538-abe0-07f6770f7dc4" />
    <Project Path="src/Bureau.EntityFrameworkCore/Bureau.EntityFrameworkCore.csproj" Id="65335513-4834-4f55-8e76-128a56955782" />
  </Folder>
  <Folder Name="/Presentation/">
    <Project Path="src/Bureau.AspNetCore/Bureau.AspNetCore.csproj" Id="b6f299e3-2de1-4306-8e7e-301c1c0621e1" />
    <Project Path="src/Niles.Chores.Api/Niles.Chores.Api.csproj" />
    <Project Path="src/Niles.Chores.Web/Niles.Chores.Web.csproj" />
  </Folder>
  <Folder Name="/Tests/" />
</Solution>
